
Microsoft Visual Studio Solution File, Format Version 12.00
# Visual Studio Version 17
VisualStudioVersion = 17.7.34009.444
MinimumVisualStudioVersion = 10.0.40219.1
Project("{2150E333-8FDC-42A3-9474-1A3956D46DE8}") = "src", "src", "{F04EDB89-B710-48E3-BCA5-4108E745D186}"
EndProject
Project("{9A19103F-16F7-4668-BE54-9A1E7A4F7556}") = "HistoricalDates.Domain", "HistoricalDates.Domain\HistoricalDates.Domain.csproj", "{48813AE5-D58B-477B-99A1-9BBC8AFC0915}"
EndProject
Project("{9A19103F-16F7-4668-BE54-9A1E7A4F7556}") = "HistoricalDates.WebAPI", "HistoricalDates.WebAPI\HistoricalDates.WebAPI.csproj", "{FAD865BC-4165-4E64-ABCE-17AA8E45BA10}"
EndProject
Project("{9A19103F-16F7-4668-BE54-9A1E7A4F7556}") = "HistoricalDates.Application", "HistoricalDates.Application\HistoricalDates.Application.csproj", "{76F306FE-6946-4B35-B63C-1E209185284C}"
EndProject
Project("{FAE04EC0-301F-11D3-BF4B-00C04F79EFBC}") = "HistoricalDates.Infrastructure", "HistoricalDates.Infrastructure\HistoricalDates.Infrastructure.csproj", "{01469A5A-F81E-4D2F-ACA2-32713736C9A1}"
EndProject
Global
	GlobalSection(SolutionConfigurationPlatforms) = preSolution
		Debug|Any CPU = Debug|Any CPU
		Release|Any CPU = Release|Any CPU
	EndGlobalSection
	GlobalSection(ProjectConfigurationPlatforms) = postSolution
		{48813AE5-D58B-477B-99A1-9BBC8AFC0915}.Debug|Any CPU.ActiveCfg = Debug|Any CPU
		{48813AE5-D58B-477B-99A1-9BBC8AFC0915}.Debug|Any CPU.Build.0 = Debug|Any CPU
		{48813AE5-D58B-477B-99A1-9BBC8AFC0915}.Release|Any CPU.ActiveCfg = Release|Any CPU
		{48813AE5-D58B-477B-99A1-9BBC8AFC0915}.Release|Any CPU.Build.0 = Release|Any CPU
		{FAD865BC-4165-4E64-ABCE-17AA8E45BA10}.Debug|Any CPU.ActiveCfg = Debug|Any CPU
		{FAD865BC-4165-4E64-ABCE-17AA8E45BA10}.Debug|Any CPU.Build.0 = Debug|Any CPU
		{FAD865BC-4165-4E64-ABCE-17AA8E45BA10}.Release|Any CPU.ActiveCfg = Release|Any CPU
		{FAD865BC-4165-4E64-ABCE-17AA8E45BA10}.Release|Any CPU.Build.0 = Release|Any CPU
		{76F306FE-6946-4B35-B63C-1E209185284C}.Debug|Any CPU.ActiveCfg = Debug|Any CPU
		{76F306FE-6946-4B35-B63C-1E209185284C}.Debug|Any CPU.Build.0 = Debug|Any CPU
		{76F306FE-6946-4B35-B63C-1E209185284C}.Release|Any CPU.ActiveCfg = Release|Any CPU
		{76F306FE-6946-4B35-B63C-1E209185284C}.Release|Any CPU.Build.0 = Release|Any CPU
		{01469A5A-F81E-4D2F-ACA2-32713736C9A1}.Debug|Any CPU.ActiveCfg = Debug|Any CPU
		{01469A5A-F81E-4D2F-ACA2-32713736C9A1}.Debug|Any CPU.Build.0 = Debug|Any CPU
		{01469A5A-F81E-4D2F-ACA2-32713736C9A1}.Release|Any CPU.ActiveCfg = Release|Any CPU
		{01469A5A-F81E-4D2F-ACA2-32713736C9A1}.Release|Any CPU.Build.0 = Release|Any CPU
	EndGlobalSection
	GlobalSection(SolutionProperties) = preSolution
		HideSolutionNode = FALSE
	EndGlobalSection
	GlobalSection(NestedProjects) = preSolution
		{48813AE5-D58B-477B-99A1-9BBC8AFC0915} = {F04EDB89-B710-48E3-BCA5-4108E745D186}
		{FAD865BC-4165-4E64-ABCE-17AA8E45BA10} = {F04EDB89-B710-48E3-BCA5-4108E745D186}
		{76F306FE-6946-4B35-B63C-1E209185284C} = {F04EDB89-B710-48E3-BCA5-4108E745D186}
		{01469A5A-F81E-4D2F-ACA2-32713736C9A1} = {F04EDB89-B710-48E3-BCA5-4108E745D186}
	EndGlobalSection
	GlobalSection(ExtensibilityGlobals) = postSolution
		SolutionGuid = {012B1804-127E-47A5-89C1-3B312458C6A0}
	EndGlobalSection
EndGlobal
